github.com/lafin/http v0.0.2 h1:u/o6zWaS/rjntIjfcCDD6ZKqHoOjUeFD69mpNegywnY=
github.com/lafin/http v0.0.2/go.mod h1:jUx111RugC4JlfCQLzHtmBYr0QKOTHrbH43X/O0y+mw=
github.com/lafin/http v0.0.3 h1:CJSaDBm/qXi3HitcANq3Da7dixptUeVKrDFjO6xV+k8=
github.com/lafin/http v0.0.3/go.mod h1:jUx111RugC4JlfCQLzHtmBYr0QKOTHrbH43X/O0y+mw=
